
Microsoft Visual Studio Solution File, Format Version 12.00
# Visual Studio Version 16
VisualStudioVersion = 16.0.30523.141
MinimumVisualStudioVersion = 10.0.40219.1
Project("{FAE04EC0-301F-11D3-BF4B-00C04F79EFBC}") = "Exercise_56-2018", "Exercise_56-2018.csproj", "{A7EF2E29-B10D-4BBA-A67C-2179EF54DA1C}"
EndProject
Global
	GlobalSection(SolutionConfigurationPlatforms) = preSolution
		Debug|Any CPU = Debug|Any CPU
		Release|Any CPU = Release|Any CPU
	EndGlobalSection
	GlobalSection(ProjectConfigurationPlatforms) = postSolution
		{A7EF2E29-B10D-4BBA-A67C-2179EF54DA1C}.Debug|Any CPU.ActiveCfg = Debug|Any CPU
		{A7EF2E29-B10D-4BBA-A67C-2179EF54DA1C}.Debug|Any CPU.Build.0 = Debug|Any CPU
		{A7EF2E29-B10D-4BBA-A67C-2179EF54DA1C}.Release|Any CPU.ActiveCfg = Release|Any CPU
		{A7EF2E29-B10D-4BBA-A67C-2179EF54DA1C}.Release|Any CPU.Build.0 = Release|Any CPU
	EndGlobalSection
	GlobalSection(SolutionProperties) = preSolution
		HideSolutionNode = FALSE
	EndGlobalSection
	GlobalSection(ExtensibilityGlobals) = postSolution
		SolutionGuid = {67834138-7F88-496D-94BB-6D405DDE56AA}
	EndGlobalSection
EndGlobal
